
Microsoft Visual Studio Solution File, Format Version 12.00
# Visual Studio Version 16
VisualStudioVersion = 16.0.29709.97
MinimumVisualStudioVersion = 10.0.40219.1
Project("{FAE04EC0-301F-11D3-BF4B-00C04F79EFBC}") = "HomeWork3Fizz", "ClassWork3Fizz\HomeWork3Fizz.csproj", "{55A27CA3-61C7-43FC-883C-E8FFDCEBB8D8}"
EndProject
Project("{FAE04EC0-301F-11D3-BF4B-00C04F79EFBC}") = "FizzBuzzDll", "FizzBuzzDll\FizzBuzzDll.csproj", "{2E766D60-8156-4DD0-9F0D-8C4B2B56A6FC}"
EndProject
Global
	GlobalSection(SolutionConfigurationPlatforms) = preSolution
		Debug|Any CPU = Debug|Any CPU
		Release|Any CPU = Release|Any CPU
	EndGlobalSection
	GlobalSection(ProjectConfigurationPlatforms) = postSolution
		{55A27CA3-61C7-43FC-883C-E8FFDCEBB8D8}.Debug|Any CPU.ActiveCfg = Debug|Any CPU
		{55A27CA3-61C7-43FC-883C-E8FFDCEBB8D8}.Debug|Any CPU.Build.0 = Debug|Any CPU
		{55A27CA3-61C7-43FC-883C-E8FFDCEBB8D8}.Release|Any CPU.ActiveCfg = Release|Any CPU
		{55A27CA3-61C7-43FC-883C-E8FFDCEBB8D8}.Release|Any CPU.Build.0 = Release|Any CPU
		{2E766D60-8156-4DD0-9F0D-8C4B2B56A6FC}.Debug|Any CPU.ActiveCfg = Debug|Any CPU
		{2E766D60-8156-4DD0-9F0D-8C4B2B56A6FC}.Debug|Any CPU.Build.0 = Debug|Any CPU
		{2E766D60-8156-4DD0-9F0D-8C4B2B56A6FC}.Release|Any CPU.ActiveCfg = Release|Any CPU
		{2E766D60-8156-4DD0-9F0D-8C4B2B56A6FC}.Release|Any CPU.Build.0 = Release|Any CPU
	EndGlobalSection
	GlobalSection(SolutionProperties) = preSolution
		HideSolutionNode = FALSE
	EndGlobalSection
	GlobalSection(ExtensibilityGlobals) = postSolution
		SolutionGuid = {0B01BAB5-160E-4D43-9958-CDE0F87344DB}
	EndGlobalSection
EndGlobal
