
Microsoft Visual Studio Solution File, Format Version 12.00
# Visual Studio Version 16
VisualStudioVersion = 16.0.29709.97
MinimumVisualStudioVersion = 10.0.40219.1
Project("{FAE04EC0-301F-11D3-BF4B-00C04F79EFBC}") = "HomeWork4", "HomeWork4\HomeWork4.csproj", "{F63CA1B7-5A6D-4556-BFCD-ECF1F591B2D0}"
EndProject
Project("{FAE04EC0-301F-11D3-BF4B-00C04F79EFBC}") = "SocksLibrary", "SocksLibrary\SocksLibrary.csproj", "{74DCA936-3489-4338-8DA0-0FFF040FC046}"
EndProject
Global
	GlobalSection(SolutionConfigurationPlatforms) = preSolution
		Debug|Any CPU = Debug|Any CPU
		Release|Any CPU = Release|Any CPU
	EndGlobalSection
	GlobalSection(ProjectConfigurationPlatforms) = postSolution
		{F63CA1B7-5A6D-4556-BFCD-ECF1F591B2D0}.Debug|Any CPU.ActiveCfg = Debug|Any CPU
		{F63CA1B7-5A6D-4556-BFCD-ECF1F591B2D0}.Debug|Any CPU.Build.0 = Debug|Any CPU
		{F63CA1B7-5A6D-4556-BFCD-ECF1F591B2D0}.Release|Any CPU.ActiveCfg = Release|Any CPU
		{F63CA1B7-5A6D-4556-BFCD-ECF1F591B2D0}.Release|Any CPU.Build.0 = Release|Any CPU
		{74DCA936-3489-4338-8DA0-0FFF040FC046}.Debug|Any CPU.ActiveCfg = Debug|Any CPU
		{74DCA936-3489-4338-8DA0-0FFF040FC046}.Debug|Any CPU.Build.0 = Debug|Any CPU
		{74DCA936-3489-4338-8DA0-0FFF040FC046}.Release|Any CPU.ActiveCfg = Release|Any CPU
		{74DCA936-3489-4338-8DA0-0FFF040FC046}.Release|Any CPU.Build.0 = Release|Any CPU
	EndGlobalSection
	GlobalSection(SolutionProperties) = preSolution
		HideSolutionNode = FALSE
	EndGlobalSection
	GlobalSection(ExtensibilityGlobals) = postSolution
		SolutionGuid = {755F2B73-E2B8-462E-A331-5B7F571751E3}
	EndGlobalSection
EndGlobal
